golang.org/x/image v0.15.0 h1:kOELfmgrmJlw4Cdb7g/QGuB3CvDrXbqEIww/pNtNBm8=
golang.org/x/image v0.15.0/go.mod h1:HUYqC05R2ZcZ3ejNQsIHQDQiwWM4JBqmm6MKANTp4LE=
zappem.net/pub/graphics/raster v0.7.0 h1:ZwN1QCDDT+BuQIe5+G8WdUCaMzAtUvFX9FbaddtqapM=
zappem.net/pub/graphics/raster v0.7.0/go.mod h1:sZP5CyRMDntlQQYrDzinmD505/9JbwXoAI3HoulnDvs=
